
Microsoft Visual Studio Solution File, Format Version 12.00
# Visual Studio Version 17
VisualStudioVersion = 17.0.32126.317
MinimumVisualStudioVersion = 10.0.40219.1
Project("{FAE04EC0-301F-11D3-BF4B-00C04F79EFBC}") = "PersonList", "PersonList\PersonList.csproj", "{1E10F855-047C-460F-8AD0-8244B1CAF16A}"
EndProject
Global
	GlobalSection(SolutionConfigurationPlatforms) = preSolution
		Debug|Any CPU = Debug|Any CPU
		Release|Any CPU = Release|Any CPU
	EndGlobalSection
	GlobalSection(ProjectConfigurationPlatforms) = postSolution
		{1E10F855-047C-460F-8AD0-8244B1CAF16A}.Debug|Any CPU.ActiveCfg = Debug|Any CPU
		{1E10F855-047C-460F-8AD0-8244B1CAF16A}.Debug|Any CPU.Build.0 = Debug|Any CPU
		{1E10F855-047C-460F-8AD0-8244B1CAF16A}.Release|Any CPU.ActiveCfg = Release|Any CPU
		{1E10F855-047C-460F-8AD0-8244B1CAF16A}.Release|Any CPU.Build.0 = Release|Any CPU
	EndGlobalSection
	GlobalSection(SolutionProperties) = preSolution
		HideSolutionNode = FALSE
	EndGlobalSection
	GlobalSection(ExtensibilityGlobals) = postSolution
		SolutionGuid = {72233FF9-13C9-451E-BDD4-7B3AA6BEEC66}
	EndGlobalSection
EndGlobal
